
Microsoft Visual Studio Solution File, Format Version 12.00
# Visual Studio Version 17
VisualStudioVersion = 17.2.32526.322
MinimumVisualStudioVersion = 10.0.40219.1
Project("{FAE04EC0-301F-11D3-BF4B-00C04F79EFBC}") = "Number Analyser", "Number Analyser\Number Analyser.csproj", "{249307C3-CAD8-4B30-A47B-E0B7ADF70EA4}"
EndProject
Global
	GlobalSection(SolutionConfigurationPlatforms) = preSolution
		Debug|Any CPU = Debug|Any CPU
		Release|Any CPU = Release|Any CPU
	EndGlobalSection
	GlobalSection(ProjectConfigurationPlatforms) = postSolution
		{249307C3-CAD8-4B30-A47B-E0B7ADF70EA4}.Debug|Any CPU.ActiveCfg = Debug|Any CPU
		{249307C3-CAD8-4B30-A47B-E0B7ADF70EA4}.Debug|Any CPU.Build.0 = Debug|Any CPU
		{249307C3-CAD8-4B30-A47B-E0B7ADF70EA4}.Release|Any CPU.ActiveCfg = Release|Any CPU
		{249307C3-CAD8-4B30-A47B-E0B7ADF70EA4}.Release|Any CPU.Build.0 = Release|Any CPU
	EndGlobalSection
	GlobalSection(SolutionProperties) = preSolution
		HideSolutionNode = FALSE
	EndGlobalSection
	GlobalSection(ExtensibilityGlobals) = postSolution
		SolutionGuid = {858DBEF5-9EDC-4129-B331-455BBCDF9658}
	EndGlobalSection
EndGlobal
